
Microsoft Visual Studio Solution File, Format Version 12.00
# Visual Studio Version 16
VisualStudioVersion = 16.0.31729.503
MinimumVisualStudioVersion = 10.0.40219.1
Project("{FAE04EC0-301F-11D3-BF4B-00C04F79EFBC}") = "YXLiusBookstore", "YXLiusBookstore\YXLiusBookstore.csproj", "{B94BE0FB-4B66-4F6E-B385-09E5BCA9AFDD}"
EndProject
Project("{FAE04EC0-301F-11D3-BF4B-00C04F79EFBC}") = "YXLiusBookstore.DataAccess", "YXLiusBookstore.DataAccess\YXLiusBookstore.DataAccess.csproj", "{3ED26BA9-C66C-45EE-9266-940A98B917A7}"
EndProject
Project("{FAE04EC0-301F-11D3-BF4B-00C04F79EFBC}") = "YXLiusBookstore.Models", "YXLiusBookstore.Models\YXLiusBookstore.Models.csproj", "{8A442275-F6F7-4AA4-9970-A697FCF82A1E}"
EndProject
Project("{FAE04EC0-301F-11D3-BF4B-00C04F79EFBC}") = "YXLiusBookstore.Utility", "YXLiusBookstore.Utility\YXLiusBookstore.Utility.csproj", "{5083A7E0-44C8-4122-8142-B6CB6C6AE352}"
EndProject
Global
	GlobalSection(SolutionConfigurationPlatforms) = preSolution
		Debug|Any CPU = Debug|Any CPU
		Release|Any CPU = Release|Any CPU
	EndGlobalSection
	GlobalSection(ProjectConfigurationPlatforms) = postSolution
		{B94BE0FB-4B66-4F6E-B385-09E5BCA9AFDD}.Debug|Any CPU.ActiveCfg = Debug|Any CPU
		{B94BE0FB-4B66-4F6E-B385-09E5BCA9AFDD}.Debug|Any CPU.Build.0 = Debug|Any CPU
		{B94BE0FB-4B66-4F6E-B385-09E5BCA9AFDD}.Release|Any CPU.ActiveCfg = Release|Any CPU
		{B94BE0FB-4B66-4F6E-B385-09E5BCA9AFDD}.Release|Any CPU.Build.0 = Release|Any CPU
		{3ED26BA9-C66C-45EE-9266-940A98B917A7}.Debug|Any CPU.ActiveCfg = Debug|Any CPU
		{3ED26BA9-C66C-45EE-9266-940A98B917A7}.Debug|Any CPU.Build.0 = Debug|Any CPU
		{3ED26BA9-C66C-45EE-9266-940A98B917A7}.Release|Any CPU.ActiveCfg = Release|Any CPU
		{3ED26BA9-C66C-45EE-9266-940A98B917A7}.Release|Any CPU.Build.0 = Release|Any CPU
		{8A442275-F6F7-4AA4-9970-A697FCF82A1E}.Debug|Any CPU.ActiveCfg = Debug|Any CPU
		{8A442275-F6F7-4AA4-9970-A697FCF82A1E}.Debug|Any CPU.Build.0 = Debug|Any CPU
		{8A442275-F6F7-4AA4-9970-A697FCF82A1E}.Release|Any CPU.ActiveCfg = Release|Any CPU
		{8A442275-F6F7-4AA4-9970-A697FCF82A1E}.Release|Any CPU.Build.0 = Release|Any CPU
		{5083A7E0-44C8-4122-8142-B6CB6C6AE352}.Debug|Any CPU.ActiveCfg = Debug|Any CPU
		{5083A7E0-44C8-4122-8142-B6CB6C6AE352}.Debug|Any CPU.Build.0 = Debug|Any CPU
		{5083A7E0-44C8-4122-8142-B6CB6C6AE352}.Release|Any CPU.ActiveCfg = Release|Any CPU
		{5083A7E0-44C8-4122-8142-B6CB6C6AE352}.Release|Any CPU.Build.0 = Release|Any CPU
	EndGlobalSection
	GlobalSection(SolutionProperties) = preSolution
		HideSolutionNode = FALSE
	EndGlobalSection
	GlobalSection(ExtensibilityGlobals) = postSolution
		SolutionGuid = {56A1046A-FA28-4CEA-999C-BBDA16697E7A}
	EndGlobalSection
EndGlobal
